{
  "nodes": {
    "bindings-GLFW": {
      "flake": false,
      "locked": {
        "lastModified": 1582267040,
        "narHash": "sha256-TuxPXqJXBR7ABqXBZx4pciRq20xr+WWuF94B719dr8g=",
        "owner": "bsl",
        "repo": "bindings-GLFW",
        "rev": "5ba55775e9e055ad69ed3925559b2d38a7c51265",
        "type": "github"
      },
      "original": {
        "owner": "bsl",
        "repo": "bindings-GLFW",
        "type": "github"
      }
    },
    "eff": {
      "flake": false,
      "locked": {
        "lastModified": 1686480434,
        "narHash": "sha256-hKIke/oodjFVk3HiDB/ChgDzo6RI7lHLEXlDhxP0s7o=",
        "owner": "lexi-lambda",
        "repo": "eff",
        "rev": "60f8a8c484cc579eb53cd0dd262836bde9094ddf",
        "type": "github"
      },
      "original": {
        "owner": "lexi-lambda",
        "ref": "ghc-9.6",
        "repo": "eff",
        "type": "github"
      }
    },
    "fir": {
      "flake": false,
      "locked": {
        "lastModified": 1684446053,
        "narHash": "sha256-68EbDJLwryNaWiOwjtDnlNL/qtK4XJizaXhd3/ZspQ8=",
        "owner": "sheaf",
        "repo": "fir",
        "rev": "ee2b1fbbeccdd3b3a936fcfc2b8ae4a3c64b0c53",
        "type": "gitlab"
      },
      "original": {
        "owner": "sheaf",
        "repo": "fir",
        "type": "gitlab"
      }
    },
    "haskus": {
      "flake": false,
      "locked": {
        "lastModified": 1666356583,
        "narHash": "sha256-DTqvGs1ArKFjWa8pmyHE8pgGQErimKRoSEeqXApO68M=",
        "owner": "haskus",
        "repo": "packages",
        "rev": "7af3ce7a3742c7ed56e1ea4158a23d80cf58123c",
        "type": "github"
      },
      "original": {
        "owner": "haskus",
        "repo": "packages",
        "type": "github"
      }
    },
    "nixpkgs": {
      "locked": {
        "lastModified": 1686412476,
        "narHash": "sha256-inl9SVk6o5h75XKC79qrDCAobTD1Jxh6kVYTZKHzewA=",
        "owner": "nixos",
        "repo": "nixpkgs",
        "rev": "21951114383770f96ae528d0ae68824557768e81",
        "type": "github"
      },
      "original": {
        "owner": "nixos",
        "ref": "nixos-unstable",
        "repo": "nixpkgs",
        "type": "github"
      }
    },
    "root": {
      "inputs": {
        "bindings-GLFW": "bindings-GLFW",
        "eff": "eff",
        "fir": "fir",
        "haskus": "haskus",
        "nixpkgs": "nixpkgs",
        "typelits-witnesses": "typelits-witnesses"
      }
    },
    "typelits-witnesses": {
      "flake": false,
      "locked": {
        "lastModified": 1674951557,
        "narHash": "sha256-RNOXlGkpSa4HFsoBdsOz4EHU3Ne8O/mgXpHoynktFmI=",
        "owner": "mstksg",
        "repo": "typelits-witnesses",
        "rev": "3f4173cd064292cde306e76c1cf4b28a0abc0868",
        "type": "github"
      },
      "original": {
        "owner": "mstksg",
        "repo": "typelits-witnesses",
        "type": "github"
      }
    }
  },
  "root": "root",
  "version": 7
}
